{
  "lockfileVersion": 1,
  "configVersion": 1,
  "workspaces": {
    "": {
      "name": "wasi_hello_world",
      "dependencies": {
        "wasi": "^0.0.6",
      },
    },
  },
  "packages": {
    "bindings": ["bindings@1.5.0", "", { "dependencies": { "file-uri-to-path": "1.0.0" } }, "sha512-p2q/t/mhvuOj/UeLlV6566GD/guowlr0hHxClI0W9m7MWYkL1F0hLo+0Aexs9HSPCtR1SXQ0TD3MMKrXZajbiQ=="],

    "file-uri-to-path": ["file-uri-to-path@1.0.0", "", {}, "sha512-0Zt+s3L7Vf1biwWZ29aARiVYLx7iMGnEUl9x33fbB/j3jR81u/O2LbqK+Bm1CDSNDKVtJ/YjwY7TUd5SkeLQLw=="],

    "wasi": ["wasi@0.0.6", "", { "dependencies": { "bindings": "^1.5.0" }, "bin": { "wasi": "run.js" } }, "sha512-D3f4Q/3LojW1uMloOC1OuFlGy2u22hLqpskAz0OkmoYeWIwVYf8XBuc9ihDGJnNf3lfNvqM4s0030sN0UUXExw=="],
  }
}
